
Microsoft Visual Studio Solution File, Format Version 12.00
# Visual Studio Version 16
VisualStudioVersion = 16.0.29411.108
MinimumVisualStudioVersion = 10.0.40219.1
Project("{FAE04EC0-301F-11D3-BF4B-00C04F79EFBC}") = "TicTacToeGame", "TicTacToeGame\TicTacToeGame.csproj", "{D3F3CFFA-3894-4619-803F-3C1362D8E697}"
EndProject
Global
	GlobalSection(SolutionConfigurationPlatforms) = preSolution
		Debug|Any CPU = Debug|Any CPU
		Release|Any CPU = Release|Any CPU
	EndGlobalSection
	GlobalSection(ProjectConfigurationPlatforms) = postSolution
		{D3F3CFFA-3894-4619-803F-3C1362D8E697}.Debug|Any CPU.ActiveCfg = Debug|Any CPU
		{D3F3CFFA-3894-4619-803F-3C1362D8E697}.Debug|Any CPU.Build.0 = Debug|Any CPU
		{D3F3CFFA-3894-4619-803F-3C1362D8E697}.Release|Any CPU.ActiveCfg = Release|Any CPU
		{D3F3CFFA-3894-4619-803F-3C1362D8E697}.Release|Any CPU.Build.0 = Release|Any CPU
	EndGlobalSection
	GlobalSection(SolutionProperties) = preSolution
		HideSolutionNode = FALSE
	EndGlobalSection
	GlobalSection(ExtensibilityGlobals) = postSolution
		SolutionGuid = {531DFE7E-E500-4118-B5EB-DA60B0F1DD56}
	EndGlobalSection
EndGlobal
